// !$*UTF8*$!
{
	archiveVersion = 1;
	classes = {
	};
	objectVersion = 77;
	objects = {

/* Begin PBXBuildFile section */
		4253542A2DF74BF700F2C790 /* FirebaseStorage in Frameworks */ = {isa = PBXBuildFile; productRef = 425354292DF74BF700F2C790 /* FirebaseStorage */; };
		4253542D2DF7749100F2C790 /* GoogleSignIn in Frameworks */ = {isa = PBXBuildFile; productRef = 4253542C2DF7749100F2C790 /* GoogleSignIn */; };
		4253542F2DF7749100F2C790 /* GoogleSignInSwift in Frameworks */ = {isa = PBXBuildFile; productRef = 4253542E2DF7749100F2C790 /* GoogleSignInSwift */; };
		42E4F8982DEBC54D00EAAB0C /* FirebaseAuth in Frameworks */ = {isa = PBXBuildFile; productRef = 42E4F8972DEBC54D00EAAB0C /* FirebaseAuth */; };
		42E4F89A2DEBC54D00EAAB0C /* FirebaseCore in Frameworks */ = {isa = PBXBuildFile; productRef = 42E4F8992DEBC54D00EAAB0C /* FirebaseCore */; };
		42E4F89C2DEBC54D00EAAB0C /* FirebaseFirestore in Frameworks */ = {isa = PBXBuildFile; productRef = 42E4F89B2DEBC54D00EAAB0C /* FirebaseFirestore */; };
		42E4F89E2DEBC54D00EAAB0C /* FirebaseFunctions in Frameworks */ = {isa = PBXBuildFile; productRef = 42E4F89D2DEBC54D00EAAB0C /* FirebaseFunctions */; };
/* End PBXBuildFile section */

/* Begin PBXContainerItemProxy section */
		428412F12DE9FF2F00DCDB90 /* PBXContainerItemProxy */ = {
			isa = PBXContainerItemProxy;
			containerPortal = 428412DA2DE9FF2D00DCDB90 /* Project object */;
			proxyType = 1;
			remoteGlobalIDString = 428412E12DE9FF2D00DCDB90;
			remoteInfo = Loci;
		};
		428412FB2DE9FF2F00DCDB90 /* PBXContainerItemProxy */ = {
			isa = PBXContainerItemProxy;
			containerPortal = 428412DA2DE9FF2D00DCDB90 /* Project object */;
			proxyType = 1;
			remoteGlobalIDString = 428412E12DE9FF2D00DCDB90;
			remoteInfo = Loci;
		};
/* End PBXContainerItemProxy section */

/* Begin PBXFileReference section */
		428412E22DE9FF2D00DCDB90 /* Loci.app */ = {isa = PBXFileReference; explicitFileType = wrapper.application; includeInIndex = 0; path = Loci.app; sourceTree = BUILT_PRODUCTS_DIR; };
		428412F02DE9FF2F00DCDB90 /* LociTests.xctest */ = {isa = PBXFileReference; explicitFileType = wrapper.cfbundle; includeInIndex = 0; path = LociTests.xctest; sourceTree = BUILT_PRODUCTS_DIR; };
		428412FA2DE9FF2F00DCDB90 /* LociUITests.xctest */ = {isa = PBXFileReference; explicitFileType = wrapper.cfbundle; includeInIndex = 0; path = LociUITests.xctest; sourceTree = BUILT_PRODUCTS_DIR; };
/* End PBXFileReference section */

/* Begin PBXFileSystemSynchronizedBuildFileExceptionSet section */
		4284135C2DEA4A4F00DCDB90 /* Exceptions for "Loci" folder in "Loci" target */ = {
			isa = PBXFileSystemSynchronizedBuildFileExceptionSet;
			membershipExceptions = (
				Info.plist,
			);
			target = 428412E12DE9FF2D00DCDB90 /* Loci */;
		};
/* End PBXFileSystemSynchronizedBuildFileExceptionSet section */

/* Begin PBXFileSystemSynchronizedRootGroup section */
		428412E42DE9FF2D00DCDB90 /* Loci */ = {
			isa = PBXFileSystemSynchronizedRootGroup;
			exceptions = (
				4284135C2DEA4A4F00DCDB90 /* Exceptions for "Loci" folder in "Loci" target */,
			);
			path = Loci;
			sourceTree = "<group>";
		};
		428412F32DE9FF2F00DCDB90 /* LociTests */ = {
			isa = PBXFileSystemSynchronizedRootGroup;
			path = LociTests;
			sourceTree = "<group>";
		};
		428412FD2DE9FF2F00DCDB90 /* LociUITests */ = {
			isa = PBXFileSystemSynchronizedRootGroup;
			path = LociUITests;
			sourceTree = "<group>";
		};
/* End PBXFileSystemSynchronizedRootGroup section */

/* Begin PBXFrameworksBuildPhase section */
		428412DF2DE9FF2D00DCDB90 /* Frameworks */ = {
			isa = PBXFrameworksBuildPhase;
			buildActionMask = 2147483647;
			files = (
				42E4F89A2DEBC54D00EAAB0C /* FirebaseCore in Frameworks */,
				42E4F8982DEBC54D00EAAB0C /* FirebaseAuth in Frameworks */,
				4253542F2DF7749100F2C790 /* GoogleSignInSwift in Frameworks */,
				42E4F89C2DEBC54D00EAAB0C /* FirebaseFirestore in Frameworks */,
				4253542A2DF74BF700F2C790 /* FirebaseStorage in Frameworks */,
				42E4F89E2DEBC54D00EAAB0C /* FirebaseFunctions in Frameworks */,
				4253542D2DF7749100F2C790 /* GoogleSignIn in Frameworks */,
			);
			runOnlyForDeploymentPostprocessing = 0;
		};
		428412ED2DE9FF2F00DCDB90 /* Frameworks */ = {
			isa = PBXFrameworksBuildPhase;
			buildActionMask = 2147483647;
			files = (
			);
			runOnlyForDeploymentPostprocessing = 0;
		};
		428412F72DE9FF2F00DCDB90 /* Frameworks */ = {
			isa = PBXFrameworksBuildPhase;
			buildActionMask = 2147483647;
			files = (
			);
			runOnlyForDeploymentPostprocessing = 0;
		};
/* End PBXFrameworksBuildPhase section */

/* Begin PBXGroup section */
		428412D92DE9FF2D00DCDB90 = {
			isa = PBXGroup;
			children = (
				428412E42DE9FF2D00DCDB90 /* Loci */,
				428412F32DE9FF2F00DCDB90 /* LociTests */,
				428412FD2DE9FF2F00DCDB90 /* LociUITests */,
				428412E32DE9FF2D00DCDB90 /* Products */,
			);
			sourceTree = "<group>";
		};
		428412E32DE9FF2D00DCDB90 /* Products */ = {
			isa = PBXGroup;
			children = (
				428412E22DE9FF2D00DCDB90 /* Loci.app */,
				428412F02DE9FF2F00DCDB90 /* LociTests.xctest */,
				428412FA2DE9FF2F00DCDB90 /* LociUITests.xctest */,
			);
			name = Products;
			sourceTree = "<group>";
		};
/* End PBXGroup section */

/* Begin PBXNativeTarget section */
		428412E12DE9FF2D00DCDB90 /* Loci */ = {
			isa = PBXNativeTarget;
			buildConfigurationList = 428413042DE9FF2F00DCDB90 /* Build configuration list for PBXNativeTarget "Loci" */;
			buildPhases = (
				428412DE2DE9FF2D00DCDB90 /* Sources */,
				428412DF2DE9FF2D00DCDB90 /* Frameworks */,
				428412E02DE9FF2D00DCDB90 /* Resources */,
			);
			buildRules = (
			);
			dependencies = (
			);
			fileSystemSynchronizedGroups = (
				428412E42DE9FF2D00DCDB90 /* Loci */,
			);
			name = Loci;
			packageProductDependencies = (
				42E4F8972DEBC54D00EAAB0C /* FirebaseAuth */,
				42E4F8992DEBC54D00EAAB0C /* FirebaseCore */,
				42E4F89B2DEBC54D00EAAB0C /* FirebaseFirestore */,
				42E4F89D2DEBC54D00EAAB0C /* FirebaseFunctions */,
				425354292DF74BF700F2C790 /* FirebaseStorage */,
				4253542C2DF7749100F2C790 /* GoogleSignIn */,
				4253542E2DF7749100F2C790 /* GoogleSignInSwift */,
			);
			productName = Loci;
			productReference = 428412E22DE9FF2D00DCDB90 /* Loci.app */;
			productType = "com.apple.product-type.application";
		};
		428412EF2DE9FF2F00DCDB90 /* LociTests */ = {
			isa = PBXNativeTarget;
			buildConfigurationList = 428413072DE9FF2F00DCDB90 /* Build configuration list for PBXNativeTarget "LociTests" */;
			buildPhases = (
				428412EC2DE9FF2F00DCDB90 /* Sources */,
				428412ED2DE9FF2F00DCDB90 /* Frameworks */,
				428412EE2DE9FF2F00DCDB90 /* Resources */,
			);
			buildRules = (
			);
			dependencies = (
				428412F22DE9FF2F00DCDB90 /* PBXTargetDependency */,
			);
			fileSystemSynchronizedGroups = (
				428412F32DE9FF2F00DCDB90 /* LociTests */,
			);
			name = LociTests;
			packageProductDependencies = (
			);
			productName = LociTests;
			productReference = 428412F02DE9FF2F00DCDB90 /* LociTests.xctest */;
			productType = "com.apple.product-type.bundle.unit-test";
		};
		428412F92DE9FF2F00DCDB90 /* LociUITests */ = {
			isa = PBXNativeTarget;
			buildConfigurationList = 4284130A2DE9FF2F00DCDB90 /* Build configuration list for PBXNativeTarget "LociUITests" */;
			buildPhases = (
				428412F62DE9FF2F00DCDB90 /* Sources */,
				428412F72DE9FF2F00DCDB90 /* Frameworks */,
				428412F82DE9FF2F00DCDB90 /* Resources */,
			);
			buildRules = (
			);
			dependencies = (
				428412FC2DE9FF2F00DCDB90 /* PBXTargetDependency */,
			);
			fileSystemSynchronizedGroups = (
				428412FD2DE9FF2F00DCDB90 /* LociUITests */,
			);
			name = LociUITests;
			packageProductDependencies = (
			);
			productName = LociUITests;
			productReference = 428412FA2DE9FF2F00DCDB90 /* LociUITests.xctest */;
			productType = "com.apple.product-type.bundle.ui-testing";
		};
/* End PBXNativeTarget section */

/* Begin PBXProject section */
		428412DA2DE9FF2D00DCDB90 /* Project object */ = {
			isa = PBXProject;
			attributes = {
				BuildIndependentTargetsInParallel = 1;
				LastSwiftUpdateCheck = 1630;
				LastUpgradeCheck = 1630;
				TargetAttributes = {
					428412E12DE9FF2D00DCDB90 = {
						CreatedOnToolsVersion = 16.3;
					};
					428412EF2DE9FF2F00DCDB90 = {
						CreatedOnToolsVersion = 16.3;
						TestTargetID = 428412E12DE9FF2D00DCDB90;
					};
					428412F92DE9FF2F00DCDB90 = {
						CreatedOnToolsVersion = 16.3;
						TestTargetID = 428412E12DE9FF2D00DCDB90;
					};
				};
			};
			buildConfigurationList = 428412DD2DE9FF2D00DCDB90 /* Build configuration list for PBXProject "Loci" */;
			developmentRegion = en;
			hasScannedForEncodings = 0;
			knownRegions = (
				en,
				Base,
			);
			mainGroup = 428412D92DE9FF2D00DCDB90;
			minimizedProjectReferenceProxies = 1;
			packageReferences = (
				42E4F8962DEBC54D00EAAB0C /* XCRemoteSwiftPackageReference "firebase-ios-sdk" */,
				4253542B2DF7749100F2C790 /* XCRemoteSwiftPackageReference "GoogleSignIn-iOS" */,
			);
			preferredProjectObjectVersion = 77;
			productRefGroup = 428412E32DE9FF2D00DCDB90 /* Products */;
			projectDirPath = "";
			projectRoot = "";
			targets = (
				428412E12DE9FF2D00DCDB90 /* Loci */,
				428412EF2DE9FF2F00DCDB90 /* LociTests */,
				428412F92DE9FF2F00DCDB90 /* LociUITests */,
			);
		};
/* End PBXProject section */

/* Begin PBXResourcesBuildPhase section */
		428412E02DE9FF2D00DCDB90 /* Resources */ = {
			isa = PBXResourcesBuildPhase;
			buildActionMask = 2147483647;
			files = (
			);
			runOnlyForDeploymentPostprocessing = 0;
		};
		428412EE2DE9FF2F00DCDB90 /* Resources */ = {
			isa = PBXResourcesBuildPhase;
			buildActionMask = 2147483647;
			files = (
			);
			runOnlyForDeploymentPostprocessing = 0;
		};
		428412F82DE9FF2F00DCDB90 /* Resources */ = {
			isa = PBXResourcesBuildPhase;
			buildActionMask = 2147483647;
			files = (
			);
			runOnlyForDeploymentPostprocessing = 0;
		};
/* End PBXResourcesBuildPhase section */

/* Begin PBXSourcesBuildPhase section */
		428412DE2DE9FF2D00DCDB90 /* Sources */ = {
			isa = PBXSourcesBuildPhase;
			buildActionMask = 2147483647;
			files = (
			);
			runOnlyForDeploymentPostprocessing = 0;
		};
		428412EC2DE9FF2F00DCDB90 /* Sources */ = {
			isa = PBXSourcesBuildPhase;
			buildActionMask = 2147483647;
			files = (
			);
			runOnlyForDeploymentPostprocessing = 0;
		};
		428412F62DE9FF2F00DCDB90 /* Sources */ = {
			isa = PBXSourcesBuildPhase;
			buildActionMask = 2147483647;
			files = (
			);
			runOnlyForDeploymentPostprocessing = 0;
		};
/* End PBXSourcesBuildPhase section */

/* Begin PBXTargetDependency section */
		428412F22DE9FF2F00DCDB90 /* PBXTargetDependency */ = {
			isa = PBXTargetDependency;
			target = 428412E12DE9FF2D00DCDB90 /* Loci */;
			targetProxy = 428412F12DE9FF2F00DCDB90 /* PBXContainerItemProxy */;
		};
		428412FC2DE9FF2F00DCDB90 /* PBXTargetDependency */ = {
			isa = PBXTargetDependency;
			target = 428412E12DE9FF2D00DCDB90 /* Loci */;
			targetProxy = 428412FB2DE9FF2F00DCDB90 /* PBXContainerItemProxy */;
		};
/* End PBXTargetDependency section */

/* Begin XCBuildConfiguration section */
		428413022DE9FF2F00DCDB90 /* Debug */ = {
			isa = XCBuildConfiguration;
			buildSettings = {
				ALWAYS_SEARCH_USER_PATHS = NO;
				ASSETCATALOG_COMPILER_GENERATE_SWIFT_ASSET_SYMBOL_EXTENSIONS = YES;
				CLANG_ANALYZER_NONNULL = YES;
				CLANG_ANALYZER_NUMBER_OBJECT_CONVERSION = YES_AGGRESSIVE;
				CLANG_CXX_LANGUAGE_STANDARD = "gnu++20";
				CLANG_ENABLE_MODULES = YES;
				CLANG_ENABLE_OBJC_ARC = YES;
				CLANG_ENABLE_OBJC_WEAK = YES;
				CLANG_WARN_BLOCK_CAPTURE_AUTORELEASING = YES;
				CLANG_WARN_BOOL_CONVERSION = YES;
				CLANG_WARN_COMMA = YES;
				CLANG_WARN_CONSTANT_CONVERSION = YES;
				CLANG_WARN_DEPRECATED_OBJC_IMPLEMENTATIONS = YES;
				CLANG_WARN_DIRECT_OBJC_ISA_USAGE = YES_ERROR;
				CLANG_WARN_DOCUMENTATION_COMMENTS = YES;
				CLANG_WARN_EMPTY_BODY = YES;
				CLANG_WARN_ENUM_CONVERSION = YES;
				CLANG_WARN_INFINITE_RECURSION = YES;
				CLANG_WARN_INT_CONVERSION = YES;
				CLANG_WARN_NON_LITERAL_NULL_CONVERSION = YES;
				CLANG_WARN_OBJC_IMPLICIT_RETAIN_SELF = YES;
				CLANG_WARN_OBJC_LITERAL_CONVERSION = YES;
				CLANG_WARN_OBJC_ROOT_CLASS = YES_ERROR;
				CLANG_WARN_QUOTED_INCLUDE_IN_FRAMEWORK_HEADER = YES;
				CLANG_WARN_RANGE_LOOP_ANALYSIS = YES;
				CLANG_WARN_STRICT_PROTOTYPES = YES;
				CLANG_WARN_SUSPICIOUS_MOVE = YES;
				CLANG_WARN_UNGUARDED_AVAILABILITY = YES_AGGRESSIVE;
				CLANG_WARN_UNREACHABLE_CODE = YES;
				CLANG_WARN__DUPLICATE_METHOD_MATCH = YES;
				COPY_PHASE_STRIP = NO;
				DEBUG_INFORMATION_FORMAT = dwarf;
				ENABLE_STRICT_OBJC_MSGSEND = YES;
				ENABLE_TESTABILITY = YES;
				ENABLE_USER_SCRIPT_SANDBOXING = YES;
				GCC_C_LANGUAGE_STANDARD = gnu17;
				GCC_DYNAMIC_NO_PIC = NO;
				GCC_NO_COMMON_BLOCKS = YES;
				GCC_OPTIMIZATION_LEVEL = 0;
				GCC_PREPROCESSOR_DEFINITIONS = (
					"DEBUG=1",
					"$(inherited)",
				);
				GCC_WARN_64_TO_32_BIT_CONVERSION = YES;
				GCC_WARN_ABOUT_RETURN_TYPE = YES_ERROR;
				GCC_WARN_UNDECLARED_SELECTOR = YES;
				GCC_WARN_UNINITIALIZED_AUTOS = YES_AGGRESSIVE;
				GCC_WARN_UNUSED_FUNCTION = YES;
				GCC_WARN_UNUSED_VARIABLE = YES;
				LOCALIZATION_PREFERS_STRING_CATALOGS = YES;
				MTL_ENABLE_DEBUG_INFO = INCLUDE_SOURCE;
				MTL_FAST_MATH = YES;
				ONLY_ACTIVE_ARCH = YES;
				SWIFT_ACTIVE_COMPILATION_CONDITIONS = "DEBUG $(inherited)";
				SWIFT_OPTIMIZATION_LEVEL = "-Onone";
			};
			name = Debug;
		};
		428413032DE9FF2F00DCDB90 /* Release */ = {
			isa = XCBuildConfiguration;
			buildSettings = {
				ALWAYS_SEARCH_USER_PATHS = NO;
				ASSETCATALOG_COMPILER_GENERATE_SWIFT_ASSET_SYMBOL_EXTENSIONS = YES;
				CLANG_ANALYZER_NONNULL = YES;
				CLANG_ANALYZER_NUMBER_OBJECT_CONVERSION = YES_AGGRESSIVE;
				CLANG_CXX_LANGUAGE_STANDARD = "gnu++20";
				CLANG_ENABLE_MODULES = YES;
				CLANG_ENABLE_OBJC_ARC = YES;
				CLANG_ENABLE_OBJC_WEAK = YES;
				CLANG_WARN_BLOCK_CAPTURE_AUTORELEASING = YES;
				CLANG_WARN_BOOL_CONVERSION = YES;
				CLANG_WARN_COMMA = YES;
				CLANG_WARN_CONSTANT_CONVERSION = YES;
				CLANG_WARN_DEPRECATED_OBJC_IMPLEMENTATIONS = YES;
				CLANG_WARN_DIRECT_OBJC_ISA_USAGE = YES_ERROR;
				CLANG_WARN_DOCUMENTATION_COMMENTS = YES;
				CLANG_WARN_EMPTY_BODY = YES;
				CLANG_WARN_ENUM_CONVERSION = YES;
				CLANG_WARN_INFINITE_RECURSION = YES;
				CLANG_WARN_INT_CONVERSION = YES;
				CLANG_WARN_NON_LITERAL_NULL_CONVERSION = YES;
				CLANG_WARN_OBJC_IMPLICIT_RETAIN_SELF = YES;
				CLANG_WARN_OBJC_LITERAL_CONVERSION = YES;
				CLANG_WARN_OBJC_ROOT_CLASS = YES_ERROR;
				CLANG_WARN_QUOTED_INCLUDE_IN_FRAMEWORK_HEADER = YES;
				CLANG_WARN_RANGE_LOOP_ANALYSIS = YES;
				CLANG_WARN_STRICT_PROTOTYPES = YES;
				CLANG_WARN_SUSPICIOUS_MOVE = YES;
				CLANG_WARN_UNGUARDED_AVAILABILITY = YES_AGGRESSIVE;
				CLANG_WARN_UNREACHABLE_CODE = YES;
				CLANG_WARN__DUPLICATE_METHOD_MATCH = YES;
				COPY_PHASE_STRIP = NO;
				DEBUG_INFORMATION_FORMAT = "dwarf-with-dsym";
				ENABLE_NS_ASSERTIONS = NO;
				ENABLE_STRICT_OBJC_MSGSEND = YES;
				ENABLE_USER_SCRIPT_SANDBOXING = YES;
				GCC_C_LANGUAGE_STANDARD = gnu17;
				GCC_NO_COMMON_BLOCKS = YES;
				GCC_WARN_64_TO_32_BIT_CONVERSION = YES;
				GCC_WARN_ABOUT_RETURN_TYPE = YES_ERROR;
				GCC_WARN_UNDECLARED_SELECTOR = YES;
				GCC_WARN_UNINITIALIZED_AUTOS = YES_AGGRESSIVE;
				GCC_WARN_UNUSED_FUNCTION = YES;
				GCC_WARN_UNUSED_VARIABLE = YES;
				LOCALIZATION_PREFERS_STRING_CATALOGS = YES;
				MTL_ENABLE_DEBUG_INFO = NO;
				MTL_FAST_MATH = YES;
				SWIFT_COMPILATION_MODE = wholemodule;
			};
			name = Release;
		};
		428413052DE9FF2F00DCDB90 /* Debug */ = {
			isa = XCBuildConfiguration;
			buildSettings = {
				ASSETCATALOG_COMPILER_APPICON_NAME = "";
				ASSETCATALOG_COMPILER_GLOBAL_ACCENT_COLOR_NAME = AccentColor;
				ASSETCATALOG_COMPILER_INCLUDE_ALL_APPICON_ASSETS = YES;
				CODE_SIGN_ENTITLEMENTS = Loci/Loci.entitlements;
				CODE_SIGN_IDENTITY = "Apple Development";
				CODE_SIGN_STYLE = Automatic;
				CURRENT_PROJECT_VERSION = 1;
				DEVELOPMENT_TEAM = 2HAG477YT9;
				ENABLE_PREVIEWS = YES;
				GENERATE_INFOPLIST_FILE = YES;
				INFOPLIST_FILE = Loci/Info.plist;
				INFOPLIST_KEY_CFBundleDisplayName = Loci;
				INFOPLIST_KEY_LSApplicationCategoryType = "public.app-category.music";
				INFOPLIST_KEY_NSLocationAlwaysAndWhenInUseUsageDescription = "Loci tracks your music listening sessions tied to your location to create local music charts and connect you with others who share your taste. Location data is only collected during active sessions that you start.";
				INFOPLIST_KEY_NSLocationAlwaysUsageDescription = "Loci needs background location access to continue tracking your music sessions even when the app is in the background. This allows for seamless session tracking without keeping the app open.";
				INFOPLIST_KEY_NSLocationWhenInUseUsageDescription = "Loci needs access to your location to associate your music with the buildings and areas you visit during tracking sessions.";
				"INFOPLIST_KEY_UIApplicationSceneManifest_Generation[sdk=iphoneos*]" = YES;
				"INFOPLIST_KEY_UIApplicationSceneManifest_Generation[sdk=iphonesimulator*]" = YES;
				"INFOPLIST_KEY_UIApplicationSupportsIndirectInputEvents[sdk=iphoneos*]" = YES;
				"INFOPLIST_KEY_UIApplicationSupportsIndirectInputEvents[sdk=iphonesimulator*]" = YES;
				"INFOPLIST_KEY_UILaunchScreen_Generation[sdk=iphoneos*]" = YES;
				"INFOPLIST_KEY_UILaunchScreen_Generation[sdk=iphonesimulator*]" = YES;
				INFOPLIST_KEY_UILaunchStoryboardName = LaunchScreen;
				INFOPLIST_KEY_UIRequiredDeviceCapabilities = "armv7 location-services gps";
				INFOPLIST_KEY_UIStatusBarStyle = UIStatusBarStyleLightContent;
				"INFOPLIST_KEY_UIStatusBarStyle[sdk=iphoneos*]" = UIStatusBarStyleDefault;
				"INFOPLIST_KEY_UIStatusBarStyle[sdk=iphonesimulator*]" = UIStatusBarStyleDefault;
				INFOPLIST_KEY_UISupportedInterfaceOrientations_iPad = "UIInterfaceOrientationPortrait UIInterfaceOrientationPortraitUpsideDown UIInterfaceOrientationLandscapeLeft UIInterfaceOrientationLandscapeRight";
				INFOPLIST_KEY_UISupportedInterfaceOrientations_iPhone = UIInterfaceOrientationPortrait;
				IPHONEOS_DEPLOYMENT_TARGET = 17.6;
				LD_RUNPATH_SEARCH_PATHS = "@executable_path/Frameworks";
				"LD_RUNPATH_SEARCH_PATHS[sdk=macosx*]" = "@executable_path/../Frameworks";
				MACOSX_DEPLOYMENT_TARGET = 11.5;
				MARKETING_VERSION = 1.0;
				PRODUCT_BUNDLE_IDENTIFIER = com.jexpearce.Loci;
				PRODUCT_NAME = "$(TARGET_NAME)";
				PROVISIONING_PROFILE_SPECIFIER = "";
				REGISTER_APP_GROUPS = YES;
				SDKROOT = auto;
				SUPPORTED_PLATFORMS = "iphoneos iphonesimulator";
				SUPPORTS_MACCATALYST = NO;
				SWIFT_EMIT_LOC_STRINGS = YES;
				SWIFT_VERSION = 5.0;
				TARGETED_DEVICE_FAMILY = "1,2";
				XROS_DEPLOYMENT_TARGET = 2.4;
			};
			name = Debug;
		};
		428413062DE9FF2F00DCDB90 /* Release */ = {
			isa = XCBuildConfiguration;
			buildSettings = {
				ASSETCATALOG_COMPILER_APPICON_NAME = "";
				ASSETCATALOG_COMPILER_GLOBAL_ACCENT_COLOR_NAME = AccentColor;
				ASSETCATALOG_COMPILER_INCLUDE_ALL_APPICON_ASSETS = YES;
				CODE_SIGN_ENTITLEMENTS = Loci/Loci.entitlements;
				CODE_SIGN_IDENTITY = "Apple Development";
				CODE_SIGN_STYLE = Automatic;
				CURRENT_PROJECT_VERSION = 1;
				DEVELOPMENT_TEAM = 2HAG477YT9;
				ENABLE_PREVIEWS = YES;
				GENERATE_INFOPLIST_FILE = YES;
				INFOPLIST_FILE = Loci/Info.plist;
				INFOPLIST_KEY_CFBundleDisplayName = Loci;
				INFOPLIST_KEY_LSApplicationCategoryType = "public.app-category.music";
				INFOPLIST_KEY_NSLocationAlwaysAndWhenInUseUsageDescription = "Loci tracks your music listening sessions tied to your location to create local music charts and connect you with others who share your taste. Location data is only collected during active sessions that you start.";
				INFOPLIST_KEY_NSLocationAlwaysUsageDescription = "Loci needs background location access to continue tracking your music sessions even when the app is in the background. This allows for seamless session tracking without keeping the app open.";
				INFOPLIST_KEY_NSLocationWhenInUseUsageDescription = "Loci needs access to your location to associate your music with the buildings and areas you visit during tracking sessions.";
				"INFOPLIST_KEY_UIApplicationSceneManifest_Generation[sdk=iphoneos*]" = YES;
				"INFOPLIST_KEY_UIApplicationSceneManifest_Generation[sdk=iphonesimulator*]" = YES;
				"INFOPLIST_KEY_UIApplicationSupportsIndirectInputEvents[sdk=iphoneos*]" = YES;
				"INFOPLIST_KEY_UIApplicationSupportsIndirectInputEvents[sdk=iphonesimulator*]" = YES;
				"INFOPLIST_KEY_UILaunchScreen_Generation[sdk=iphoneos*]" = YES;
				"INFOPLIST_KEY_UILaunchScreen_Generation[sdk=iphonesimulator*]" = YES;
				INFOPLIST_KEY_UILaunchStoryboardName = LaunchScreen;
				INFOPLIST_KEY_UIRequiredDeviceCapabilities = "armv7 location-services gps";
				INFOPLIST_KEY_UIStatusBarStyle = UIStatusBarStyleLightContent;
				"INFOPLIST_KEY_UIStatusBarStyle[sdk=iphoneos*]" = UIStatusBarStyleDefault;
				"INFOPLIST_KEY_UIStatusBarStyle[sdk=iphonesimulator*]" = UIStatusBarStyleDefault;
				INFOPLIST_KEY_UISupportedInterfaceOrientations_iPad = "UIInterfaceOrientationPortrait UIInterfaceOrientationPortraitUpsideDown UIInterfaceOrientationLandscapeLeft UIInterfaceOrientationLandscapeRight";
				INFOPLIST_KEY_UISupportedInterfaceOrientations_iPhone = UIInterfaceOrientationPortrait;
				IPHONEOS_DEPLOYMENT_TARGET = 17.6;
				LD_RUNPATH_SEARCH_PATHS = "@executable_path/Frameworks";
				"LD_RUNPATH_SEARCH_PATHS[sdk=macosx*]" = "@executable_path/../Frameworks";
				MACOSX_DEPLOYMENT_TARGET = 11.5;
				MARKETING_VERSION = 1.0;
				PRODUCT_BUNDLE_IDENTIFIER = com.jexpearce.Loci;
				PRODUCT_NAME = "$(TARGET_NAME)";
				PROVISIONING_PROFILE_SPECIFIER = "";
				REGISTER_APP_GROUPS = YES;
				SDKROOT = auto;
				SUPPORTED_PLATFORMS = "iphoneos iphonesimulator";
				SUPPORTS_MACCATALYST = NO;
				SWIFT_EMIT_LOC_STRINGS = YES;
				SWIFT_VERSION = 5.0;
				TARGETED_DEVICE_FAMILY = "1,2";
				XROS_DEPLOYMENT_TARGET = 2.4;
			};
			name = Release;
		};
		428413082DE9FF2F00DCDB90 /* Debug */ = {
			isa = XCBuildConfiguration;
			buildSettings = {
				BUNDLE_LOADER = "$(TEST_HOST)";
				CODE_SIGN_STYLE = Automatic;
				CURRENT_PROJECT_VERSION = 1;
				GENERATE_INFOPLIST_FILE = YES;
				IPHONEOS_DEPLOYMENT_TARGET = 18.4;
				MACOSX_DEPLOYMENT_TARGET = 15.2;
				MARKETING_VERSION = 1.0;
				PRODUCT_BUNDLE_IDENTIFIER = com.jexpearce.LociTests;
				PRODUCT_NAME = "$(TARGET_NAME)";
				SDKROOT = auto;
				SUPPORTED_PLATFORMS = "iphoneos iphonesimulator macosx xros xrsimulator";
				SWIFT_EMIT_LOC_STRINGS = NO;
				SWIFT_VERSION = 5.0;
				TARGETED_DEVICE_FAMILY = "1,2,7";
				TEST_HOST = "$(BUILT_PRODUCTS_DIR)/Loci.app/$(BUNDLE_EXECUTABLE_FOLDER_PATH)/Loci";
				XROS_DEPLOYMENT_TARGET = 2.4;
			};
			name = Debug;
		};
		428413092DE9FF2F00DCDB90 /* Release */ = {
			isa = XCBuildConfiguration;
			buildSettings = {
				BUNDLE_LOADER = "$(TEST_HOST)";
				CODE_SIGN_STYLE = Automatic;
				CURRENT_PROJECT_VERSION = 1;
				GENERATE_INFOPLIST_FILE = YES;
				IPHONEOS_DEPLOYMENT_TARGET = 18.4;
				MACOSX_DEPLOYMENT_TARGET = 15.2;
				MARKETING_VERSION = 1.0;
				PRODUCT_BUNDLE_IDENTIFIER = com.jexpearce.LociTests;
				PRODUCT_NAME = "$(TARGET_NAME)";
				SDKROOT = auto;
				SUPPORTED_PLATFORMS = "iphoneos iphonesimulator macosx xros xrsimulator";
				SWIFT_EMIT_LOC_STRINGS = NO;
				SWIFT_VERSION = 5.0;
				TARGETED_DEVICE_FAMILY = "1,2,7";
				TEST_HOST = "$(BUILT_PRODUCTS_DIR)/Loci.app/$(BUNDLE_EXECUTABLE_FOLDER_PATH)/Loci";
				XROS_DEPLOYMENT_TARGET = 2.4;
			};
			name = Release;
		};
		4284130B2DE9FF2F00DCDB90 /* Debug */ = {
			isa = XCBuildConfiguration;
			buildSettings = {
				CODE_SIGN_STYLE = Automatic;
				CURRENT_PROJECT_VERSION = 1;
				GENERATE_INFOPLIST_FILE = YES;
				IPHONEOS_DEPLOYMENT_TARGET = 18.4;
				MACOSX_DEPLOYMENT_TARGET = 15.2;
				MARKETING_VERSION = 1.0;
				PRODUCT_BUNDLE_IDENTIFIER = com.jexpearce.LociUITests;
				PRODUCT_NAME = "$(TARGET_NAME)";
				SDKROOT = auto;
				SUPPORTED_PLATFORMS = "iphoneos iphonesimulator macosx xros xrsimulator";
				SWIFT_EMIT_LOC_STRINGS = NO;
				SWIFT_VERSION = 5.0;
				TARGETED_DEVICE_FAMILY = "1,2,7";
				TEST_TARGET_NAME = Loci;
				XROS_DEPLOYMENT_TARGET = 2.4;
			};
			name = Debug;
		};
		4284130C2DE9FF2F00DCDB90 /* Release */ = {
			isa = XCBuildConfiguration;
			buildSettings = {
				CODE_SIGN_STYLE = Automatic;
				CURRENT_PROJECT_VERSION = 1;
				GENERATE_INFOPLIST_FILE = YES;
				IPHONEOS_DEPLOYMENT_TARGET = 18.4;
				MACOSX_DEPLOYMENT_TARGET = 15.2;
				MARKETING_VERSION = 1.0;
				PRODUCT_BUNDLE_IDENTIFIER = com.jexpearce.LociUITests;
				PRODUCT_NAME = "$(TARGET_NAME)";
				SDKROOT = auto;
				SUPPORTED_PLATFORMS = "iphoneos iphonesimulator macosx xros xrsimulator";
				SWIFT_EMIT_LOC_STRINGS = NO;
				SWIFT_VERSION = 5.0;
				TARGETED_DEVICE_FAMILY = "1,2,7";
				TEST_TARGET_NAME = Loci;
				XROS_DEPLOYMENT_TARGET = 2.4;
			};
			name = Release;
		};
/* End XCBuildConfiguration section */

/* Begin XCConfigurationList section */
		428412DD2DE9FF2D00DCDB90 /* Build configuration list for PBXProject "Loci" */ = {
			isa = XCConfigurationList;
			buildConfigurations = (
				428413022DE9FF2F00DCDB90 /* Debug */,
				428413032DE9FF2F00DCDB90 /* Release */,
			);
			defaultConfigurationIsVisible = 0;
			defaultConfigurationName = Release;
		};
		428413042DE9FF2F00DCDB90 /* Build configuration list for PBXNativeTarget "Loci" */ = {
			isa = XCConfigurationList;
			buildConfigurations = (
				428413052DE9FF2F00DCDB90 /* Debug */,
				428413062DE9FF2F00DCDB90 /* Release */,
			);
			defaultConfigurationIsVisible = 0;
			defaultConfigurationName = Release;
		};
		428413072DE9FF2F00DCDB90 /* Build configuration list for PBXNativeTarget "LociTests" */ = {
			isa = XCConfigurationList;
			buildConfigurations = (
				428413082DE9FF2F00DCDB90 /* Debug */,
				428413092DE9FF2F00DCDB90 /* Release */,
			);
			defaultConfigurationIsVisible = 0;
			defaultConfigurationName = Release;
		};
		4284130A2DE9FF2F00DCDB90 /* Build configuration list for PBXNativeTarget "LociUITests" */ = {
			isa = XCConfigurationList;
			buildConfigurations = (
				4284130B2DE9FF2F00DCDB90 /* Debug */,
				4284130C2DE9FF2F00DCDB90 /* Release */,
			);
			defaultConfigurationIsVisible = 0;
			defaultConfigurationName = Release;
		};
/* End XCConfigurationList section */

/* Begin XCRemoteSwiftPackageReference section */
		4253542B2DF7749100F2C790 /* XCRemoteSwiftPackageReference "GoogleSignIn-iOS" */ = {
			isa = XCRemoteSwiftPackageReference;
			repositoryURL = "https://github.com/google/GoogleSignIn-iOS";
			requirement = {
				kind = upToNextMajorVersion;
				minimumVersion = 8.0.0;
			};
		};
		42E4F8962DEBC54D00EAAB0C /* XCRemoteSwiftPackageReference "firebase-ios-sdk" */ = {
			isa = XCRemoteSwiftPackageReference;
			repositoryURL = "https://github.com/firebase/firebase-ios-sdk.git";
			requirement = {
				kind = upToNextMajorVersion;
				minimumVersion = 11.13.0;
			};
		};
/* End XCRemoteSwiftPackageReference section */

/* Begin XCSwiftPackageProductDependency section */
		425354292DF74BF700F2C790 /* FirebaseStorage */ = {
			isa = XCSwiftPackageProductDependency;
			package = 42E4F8962DEBC54D00EAAB0C /* XCRemoteSwiftPackageReference "firebase-ios-sdk" */;
			productName = FirebaseStorage;
		};
		4253542C2DF7749100F2C790 /* GoogleSignIn */ = {
			isa = XCSwiftPackageProductDependency;
			package = 4253542B2DF7749100F2C790 /* XCRemoteSwiftPackageReference "GoogleSignIn-iOS" */;
			productName = GoogleSignIn;
		};
		4253542E2DF7749100F2C790 /* GoogleSignInSwift */ = {
			isa = XCSwiftPackageProductDependency;
			package = 4253542B2DF7749100F2C790 /* XCRemoteSwiftPackageReference "GoogleSignIn-iOS" */;
			productName = GoogleSignInSwift;
		};
		42E4F8972DEBC54D00EAAB0C /* FirebaseAuth */ = {
			isa = XCSwiftPackageProductDependency;
			package = 42E4F8962DEBC54D00EAAB0C /* XCRemoteSwiftPackageReference "firebase-ios-sdk" */;
			productName = FirebaseAuth;
		};
		42E4F8992DEBC54D00EAAB0C /* FirebaseCore */ = {
			isa = XCSwiftPackageProductDependency;
			package = 42E4F8962DEBC54D00EAAB0C /* XCRemoteSwiftPackageReference "firebase-ios-sdk" */;
			productName = FirebaseCore;
		};
		42E4F89B2DEBC54D00EAAB0C /* FirebaseFirestore */ = {
			isa = XCSwiftPackageProductDependency;
			package = 42E4F8962DEBC54D00EAAB0C /* XCRemoteSwiftPackageReference "firebase-ios-sdk" */;
			productName = FirebaseFirestore;
		};
		42E4F89D2DEBC54D00EAAB0C /* FirebaseFunctions */ = {
			isa = XCSwiftPackageProductDependency;
			package = 42E4F8962DEBC54D00EAAB0C /* XCRemoteSwiftPackageReference "firebase-ios-sdk" */;
			productName = FirebaseFunctions;
		};
/* End XCSwiftPackageProductDependency section */
	};
	rootObject = 428412DA2DE9FF2D00DCDB90 /* Project object */;
}
